{
  "name": "map675-module-02-willchilders1",
  "version": "1.0.0",
  "lockfileVersion": 2,
  "requires": true,
  "packages": {
    "": {
      "name": "map675-module-02-willchilders1",
      "version": "1.0.0",
      "license": "ISC",
      "dependencies": {
        "chalk": "^4.1.2",
        "csv-parse": "^5.3.0",
        "csv2geojson": "^3.8.0"
      }
    },
    "node_modules/ansi-styles": {
      "version": "4.3.0",
      "resolved": "https://registry.npmjs.org/ansi-styles/-/ansi-styles-4.3.0.tgz",
      "integrity": "sha512-zbB9rCJAT1rbjiVDb2hqKFHNYLxgtk8NURxZ3IZwD3F6NtxbXZQCnnSi1Lkx+IDohdPlFp222wVALIheZJQSEg==",
      "dependencies": {
        "color-convert": "^2.0.1"
      },
      "engines": {
        "node": ">=8"
      },
      "funding": {
        "url": "https://github.com/chalk/ansi-styles?sponsor=1"
      }
    },
    "node_modules/base64-js": {
      "version": "0.0.2",
      "resolved": "https://registry.npmjs.org/base64-js/-/base64-js-0.0.2.tgz",
      "integrity": "sha512-Pj9L87dCdGcKlSqPVUjD+q96pbIx1zQQLb2CUiWURfjiBELv84YX+0nGnKmyT/9KkC7PQk7UN1w+Al8bBozaxQ==",
      "engines": {
        "node": ">= 0.4"
      }
    },
    "node_modules/bops": {
      "version": "0.0.6",
      "resolved": "https://registry.npmjs.org/bops/-/bops-0.0.6.tgz",
      "integrity": "sha512-EWD8/Ei9o/h/wmR3w/YL/8dGKe4rSFHlaO8VNNcuXnjXjeTgxdcmhjPf9hRCYlqTrBPZbKaht+FxZKahcob5UQ==",
      "dependencies": {
        "base64-js": "0.0.2",
        "to-utf8": "0.0.1"
      }
    },
    "node_modules/chalk": {
      "version": "4.1.2",
      "resolved": "https://registry.npmjs.org/chalk/-/chalk-4.1.2.tgz",
      "integrity": "sha512-oKnbhFyRIXpUuez8iBMmyEa4nbj4IOQyuhc/wy9kY7/WVPcwIO9VA668Pu8RkO7+0G76SLROeyw9CpQ061i4mA==",
      "dependencies": {
        "ansi-styles": "^4.1.0",
        "supports-color": "^7.1.0"
      },
      "engines": {
        "node": ">=10"
      },
      "funding": {
        "url": "https://github.com/chalk/chalk?sponsor=1"
      }
    },
    "node_modules/color-convert": {
      "version": "2.0.1",
      "resolved": "https://registry.npmjs.org/color-convert/-/color-convert-2.0.1.tgz",
      "integrity": "sha512-RRECPsj7iu/xb5oKYcsFHSppFNnsj/52OVTRKb4zP5onXwVF3zVmmToNcOfGC+CRDpfK/U584fMg38ZHCaElKQ==",
      "dependencies": {
        "color-name": "~1.1.4"
      },
      "engines": {
        "node": ">=7.0.0"
      }
    },
    "node_modules/color-name": {
      "version": "1.1.4",
      "resolved": "https://registry.npmjs.org/color-name/-/color-name-1.1.4.tgz",
      "integrity": "sha512-dOy+3AuW3a2wNbZHIuMZpTcgjGuLU/uBL/ubcZF9OXbDo8ff4O8yVp5Bf0efS8uEoYo5q4Fx7dY9OgQGXgAsQA=="
    },
    "node_modules/concat-stream": {
      "version": "1.0.1",
      "resolved": "https://registry.npmjs.org/concat-stream/-/concat-stream-1.0.1.tgz",
      "integrity": "sha512-nAHFsgeRVVvZ+aB3S1gLeN73fQ+tdOcw075BHbXMbC6MY0h6nqAkEeqPVCw8kRuDJJZDvaUjxI4jZv2FD0Tl8A==",
      "engines": [
        "node >= 0.8.0"
      ],
      "dependencies": {
        "bops": "0.0.6"
      }
    },
    "node_modules/csv-parse": {
      "version": "5.3.0",
      "resolved": "https://registry.npmjs.org/csv-parse/-/csv-parse-5.3.0.tgz",
      "integrity": "sha512-UXJCGwvJ2fep39purtAn27OUYmxB1JQto+zhZ4QlJpzsirtSFbzLvip1aIgziqNdZp/TptvsKEV5BZSxe10/DQ=="
    },
    "node_modules/csv2geojson": {
      "version": "3.8.0",
      "resolved": "https://registry.npmjs.org/csv2geojson/-/csv2geojson-3.8.0.tgz",
      "integrity": "sha512-s+2r2rHfKAcDV5lNAZhZqIWiRG0lyVKNUKLycEsXjh4rKEP4Z/Q6BMFBlfDMCIQIivbVdsMVbiRRws6jjXk+Eg==",
      "dependencies": {
        "concat-stream": "~1.0.1",
        "dsv": "0.0.3",
        "optimist": "~0.6.1",
        "sexagesimal": "0.4.0"
      },
      "bin": {
        "csv2geojson": "csv2geojson"
      }
    },
    "node_modules/dsv": {
      "version": "0.0.3",
      "resolved": "https://registry.npmjs.org/dsv/-/dsv-0.0.3.tgz",
      "integrity": "sha512-aNU/fLtQTBxJTUPRX/2X7Srdya5QCzzTW1Qad5lp71JpoXQd1Sm5J+UL2V0Za6uehOKPezYa7y36pOa9AIgsQA==",
      "deprecated": "Replaced by d3-dsv.",
      "bin": {
        "csv2tsv": "bin/csv2tsv"
      }
    },
    "node_modules/has-flag": {
      "version": "4.0.0",
      "resolved": "https://registry.npmjs.org/has-flag/-/has-flag-4.0.0.tgz",
      "integrity": "sha512-EykJT/Q1KjTWctppgIAgfSO0tKVuZUjhgMr17kqTumMl6Afv3EISleU7qZUzoXDFTAHTDC4NOoG/ZxU3EvlMPQ==",
      "engines": {
        "node": ">=8"
      }
    },
    "node_modules/minimist": {
      "version": "0.0.10",
      "resolved": "https://registry.npmjs.org/minimist/-/minimist-0.0.10.tgz",
      "integrity": "sha512-iotkTvxc+TwOm5Ieim8VnSNvCDjCK9S8G3scJ50ZthspSxa7jx50jkhYduuAtAjvfDUwSgOwf8+If99AlOEhyw=="
    },
    "node_modules/optimist": {
      "version": "0.6.1",
      "resolved": "https://registry.npmjs.org/optimist/-/optimist-0.6.1.tgz",
      "integrity": "sha512-snN4O4TkigujZphWLN0E//nQmm7790RYaE53DdL7ZYwee2D8DDo9/EyYiKUfN3rneWUjhJnueija3G9I2i0h3g==",
      "dependencies": {
        "minimist": "~0.0.1",
        "wordwrap": "~0.0.2"
      }
    },
    "node_modules/sexagesimal": {
      "version": "0.4.0",
      "resolved": "https://registry.npmjs.org/sexagesimal/-/sexagesimal-0.4.0.tgz",
      "integrity": "sha512-Noe6CH3SEHMo6UnUI0GGKPjyiOKGK4ucnDMwut4OwyBBjYjfTo2tUTcEQDyf/XMQ2odcb0EA80tVRnb9oJhQbA==",
      "deprecated": "This module is now under the @mapbox namespace: install @mapbox/sexagesimal instead",
      "bin": {
        "sexagesimal": "bin/sexagesimal"
      }
    },
    "node_modules/supports-color": {
      "version": "7.2.0",
      "resolved": "https://registry.npmjs.org/supports-color/-/supports-color-7.2.0.tgz",
      "integrity": "sha512-qpCAvRl9stuOHveKsn7HncJRvv501qIacKzQlO/+Lwxc9+0q2wLyv4Dfvt80/DPn2pqOBsJdDiogXGR9+OvwRw==",
      "dependencies": {
        "has-flag": "^4.0.0"
      },
      "engines": {
        "node": ">=8"
      }
    },
    "node_modules/to-utf8": {
      "version": "0.0.1",
      "resolved": "https://registry.npmjs.org/to-utf8/-/to-utf8-0.0.1.tgz",
      "integrity": "sha512-zks18/TWT1iHO3v0vFp5qLKOG27m67ycq/Y7a7cTiRuUNlc4gf3HGnkRgMv0NyhnfTamtkYBJl+YeD1/j07gBQ=="
    },
    "node_modules/wordwrap": {
      "version": "0.0.3",
      "resolved": "https://registry.npmjs.org/wordwrap/-/wordwrap-0.0.3.tgz",
      "integrity": "sha512-1tMA907+V4QmxV7dbRvb4/8MaRALK6q9Abid3ndMYnbyo8piisCmeONVqVSXqQA3KaP4SLt5b7ud6E2sqP8TFw==",
      "engines": {
        "node": ">=0.4.0"
      }
    }
  },
  "dependencies": {
    "ansi-styles": {
      "version": "4.3.0",
      "resolved": "https://registry.npmjs.org/ansi-styles/-/ansi-styles-4.3.0.tgz",
      "integrity": "sha512-zbB9rCJAT1rbjiVDb2hqKFHNYLxgtk8NURxZ3IZwD3F6NtxbXZQCnnSi1Lkx+IDohdPlFp222wVALIheZJQSEg==",
      "requires": {
        "color-convert": "^2.0.1"
      }
    },
    "base64-js": {
      "version": "0.0.2",
      "resolved": "https://registry.npmjs.org/base64-js/-/base64-js-0.0.2.tgz",
      "integrity": "sha512-Pj9L87dCdGcKlSqPVUjD+q96pbIx1zQQLb2CUiWURfjiBELv84YX+0nGnKmyT/9KkC7PQk7UN1w+Al8bBozaxQ=="
    },
    "bops": {
      "version": "0.0.6",
      "resolved": "https://registry.npmjs.org/bops/-/bops-0.0.6.tgz",
      "integrity": "sha512-EWD8/Ei9o/h/wmR3w/YL/8dGKe4rSFHlaO8VNNcuXnjXjeTgxdcmhjPf9hRCYlqTrBPZbKaht+FxZKahcob5UQ==",
      "requires": {
        "base64-js": "0.0.2",
        "to-utf8": "0.0.1"
      }
    },
    "chalk": {
      "version": "4.1.2",
      "resolved": "https://registry.npmjs.org/chalk/-/chalk-4.1.2.tgz",
      "integrity": "sha512-oKnbhFyRIXpUuez8iBMmyEa4nbj4IOQyuhc/wy9kY7/WVPcwIO9VA668Pu8RkO7+0G76SLROeyw9CpQ061i4mA==",
      "requires": {
        "ansi-styles": "^4.1.0",
        "supports-color": "^7.1.0"
      }
    },
    "color-convert": {
      "version": "2.0.1",
      "resolved": "https://registry.npmjs.org/color-convert/-/color-convert-2.0.1.tgz",
      "integrity": "sha512-RRECPsj7iu/xb5oKYcsFHSppFNnsj/52OVTRKb4zP5onXwVF3zVmmToNcOfGC+CRDpfK/U584fMg38ZHCaElKQ==",
      "requires": {
        "color-name": "~1.1.4"
      }
    },
    "color-name": {
      "version": "1.1.4",
      "resolved": "https://registry.npmjs.org/color-name/-/color-name-1.1.4.tgz",
      "integrity": "sha512-dOy+3AuW3a2wNbZHIuMZpTcgjGuLU/uBL/ubcZF9OXbDo8ff4O8yVp5Bf0efS8uEoYo5q4Fx7dY9OgQGXgAsQA=="
    },
    "concat-stream": {
      "version": "1.0.1",
      "resolved": "https://registry.npmjs.org/concat-stream/-/concat-stream-1.0.1.tgz",
      "integrity": "sha512-nAHFsgeRVVvZ+aB3S1gLeN73fQ+tdOcw075BHbXMbC6MY0h6nqAkEeqPVCw8kRuDJJZDvaUjxI4jZv2FD0Tl8A==",
      "requires": {
        "bops": "0.0.6"
      }
    },
    "csv-parse": {
      "version": "5.3.0",
      "resolved": "https://registry.npmjs.org/csv-parse/-/csv-parse-5.3.0.tgz",
      "integrity": "sha512-UXJCGwvJ2fep39purtAn27OUYmxB1JQto+zhZ4QlJpzsirtSFbzLvip1aIgziqNdZp/TptvsKEV5BZSxe10/DQ=="
    },
    "csv2geojson": {
      "version": "3.8.0",
      "resolved": "https://registry.npmjs.org/csv2geojson/-/csv2geojson-3.8.0.tgz",
      "integrity": "sha512-s+2r2rHfKAcDV5lNAZhZqIWiRG0lyVKNUKLycEsXjh4rKEP4Z/Q6BMFBlfDMCIQIivbVdsMVbiRRws6jjXk+Eg==",
      "requires": {
        "concat-stream": "~1.0.1",
        "dsv": "0.0.3",
        "optimist": "~0.6.1",
        "sexagesimal": "0.4.0"
      }
    },
    "dsv": {
      "version": "0.0.3",
      "resolved": "https://registry.npmjs.org/dsv/-/dsv-0.0.3.tgz",
      "integrity": "sha512-aNU/fLtQTBxJTUPRX/2X7Srdya5QCzzTW1Qad5lp71JpoXQd1Sm5J+UL2V0Za6uehOKPezYa7y36pOa9AIgsQA=="
    },
    "has-flag": {
      "version": "4.0.0",
      "resolved": "https://registry.npmjs.org/has-flag/-/has-flag-4.0.0.tgz",
      "integrity": "sha512-EykJT/Q1KjTWctppgIAgfSO0tKVuZUjhgMr17kqTumMl6Afv3EISleU7qZUzoXDFTAHTDC4NOoG/ZxU3EvlMPQ=="
    },
    "minimist": {
      "version": "0.0.10",
      "resolved": "https://registry.npmjs.org/minimist/-/minimist-0.0.10.tgz",
      "integrity": "sha512-iotkTvxc+TwOm5Ieim8VnSNvCDjCK9S8G3scJ50ZthspSxa7jx50jkhYduuAtAjvfDUwSgOwf8+If99AlOEhyw=="
    },
    "optimist": {
      "version": "0.6.1",
      "resolved": "https://registry.npmjs.org/optimist/-/optimist-0.6.1.tgz",
      "integrity": "sha512-snN4O4TkigujZphWLN0E//nQmm7790RYaE53DdL7ZYwee2D8DDo9/EyYiKUfN3rneWUjhJnueija3G9I2i0h3g==",
      "requires": {
        "minimist": "~0.0.1",
        "wordwrap": "~0.0.2"
      }
    },
    "sexagesimal": {
      "version": "0.4.0",
      "resolved": "https://registry.npmjs.org/sexagesimal/-/sexagesimal-0.4.0.tgz",
      "integrity": "sha512-Noe6CH3SEHMo6UnUI0GGKPjyiOKGK4ucnDMwut4OwyBBjYjfTo2tUTcEQDyf/XMQ2odcb0EA80tVRnb9oJhQbA=="
    },
    "supports-color": {
      "version": "7.2.0",
      "resolved": "https://registry.npmjs.org/supports-color/-/supports-color-7.2.0.tgz",
      "integrity": "sha512-qpCAvRl9stuOHveKsn7HncJRvv501qIacKzQlO/+Lwxc9+0q2wLyv4Dfvt80/DPn2pqOBsJdDiogXGR9+OvwRw==",
      "requires": {
        "has-flag": "^4.0.0"
      }
    },
    "to-utf8": {
      "version": "0.0.1",
      "resolved": "https://registry.npmjs.org/to-utf8/-/to-utf8-0.0.1.tgz",
      "integrity": "sha512-zks18/TWT1iHO3v0vFp5qLKOG27m67ycq/Y7a7cTiRuUNlc4gf3HGnkRgMv0NyhnfTamtkYBJl+YeD1/j07gBQ=="
    },
    "wordwrap": {
      "version": "0.0.3",
      "resolved": "https://registry.npmjs.org/wordwrap/-/wordwrap-0.0.3.tgz",
      "integrity": "sha512-1tMA907+V4QmxV7dbRvb4/8MaRALK6q9Abid3ndMYnbyo8piisCmeONVqVSXqQA3KaP4SLt5b7ud6E2sqP8TFw=="
    }
  }
}
